Microsoft Visual Studio Solution File, Format Version 12.00
# Visual Studio Version 17
VisualStudioVersion = 17.5.2.0
MinimumVisualStudioVersion = 10.0.40219.1
Project("{FAE04EC0-301F-11D3-BF4B-00C04F79EFBC}") = "typeSystem", "typeSystem.csproj", "{FDB6C91B-819E-6D04-3A70-2C8ED6A83957}"
EndProject
Global
	GlobalSection(SolutionConfigurationPlatforms) = preSolution
		Debug|Any CPU = Debug|Any CPU
		Release|Any CPU = Release|Any CPU
	EndGlobalSection
	GlobalSection(ProjectConfigurationPlatforms) = postSolution
		{FDB6C91B-819E-6D04-3A70-2C8ED6A83957}.Debug|Any CPU.ActiveCfg = Debug|Any CPU
		{FDB6C91B-819E-6D04-3A70-2C8ED6A83957}.Debug|Any CPU.Build.0 = Debug|Any CPU
		{FDB6C91B-819E-6D04-3A70-2C8ED6A83957}.Release|Any CPU.ActiveCfg = Release|Any CPU
		{FDB6C91B-819E-6D04-3A70-2C8ED6A83957}.Release|Any CPU.Build.0 = Release|Any CPU
	EndGlobalSection
	GlobalSection(SolutionProperties) = preSolution
		HideSolutionNode = FALSE
	EndGlobalSection
	GlobalSection(ExtensibilityGlobals) = postSolution
		SolutionGuid = {4AE342DC-646B-4F40-8EC2-803AE60F2EF4}
	EndGlobalSection
EndGlobal
