Microsoft Visual Studio Solution File, Format Version 12.00
# Visual Studio Version 17
VisualStudioVersion = 17.5.2.0
MinimumVisualStudioVersion = 10.0.40219.1
Project("{FAE04EC0-301F-11D3-BF4B-00C04F79EFBC}") = "typeSystem", "typeSystem.csproj", "{FDB6C91B-819E-6D04-3A70-2C8ED6A83957}"
EndProject
Project("{8BC9CEB8-8B4A-11D0-8D11-00A0C91BC942}") = "DataType", "..\DataTyoe\DataTyoe.vcxproj", "{8AD9831F-99FA-4C5B-AC19-CCCAD7301325}"
EndProject
Global
	GlobalSection(SolutionConfigurationPlatforms) = preSolution
		Debug|Any CPU = Debug|Any CPU
		Debug|x64 = Debug|x64
		Debug|x86 = Debug|x86
		Release|Any CPU = Release|Any CPU
		Release|x64 = Release|x64
		Release|x86 = Release|x86
	EndGlobalSection
	GlobalSection(ProjectConfigurationPlatforms) = postSolution
		{FDB6C91B-819E-6D04-3A70-2C8ED6A83957}.Debug|Any CPU.ActiveCfg = Debug|Any CPU
		{FDB6C91B-819E-6D04-3A70-2C8ED6A83957}.Debug|Any CPU.Build.0 = Debug|Any CPU
		{FDB6C91B-819E-6D04-3A70-2C8ED6A83957}.Debug|x64.ActiveCfg = Debug|Any CPU
		{FDB6C91B-819E-6D04-3A70-2C8ED6A83957}.Debug|x64.Build.0 = Debug|Any CPU
		{FDB6C91B-819E-6D04-3A70-2C8ED6A83957}.Debug|x86.ActiveCfg = Debug|Any CPU
		{FDB6C91B-819E-6D04-3A70-2C8ED6A83957}.Debug|x86.Build.0 = Debug|Any CPU
		{FDB6C91B-819E-6D04-3A70-2C8ED6A83957}.Release|Any CPU.ActiveCfg = Release|Any CPU
		{FDB6C91B-819E-6D04-3A70-2C8ED6A83957}.Release|Any CPU.Build.0 = Release|Any CPU
		{FDB6C91B-819E-6D04-3A70-2C8ED6A83957}.Release|x64.ActiveCfg = Release|Any CPU
		{FDB6C91B-819E-6D04-3A70-2C8ED6A83957}.Release|x64.Build.0 = Release|Any CPU
		{FDB6C91B-819E-6D04-3A70-2C8ED6A83957}.Release|x86.ActiveCfg = Release|Any CPU
		{FDB6C91B-819E-6D04-3A70-2C8ED6A83957}.Release|x86.Build.0 = Release|Any CPU
		{8AD9831F-99FA-4C5B-AC19-CCCAD7301325}.Debug|Any CPU.ActiveCfg = Debug|x64
		{8AD9831F-99FA-4C5B-AC19-CCCAD7301325}.Debug|Any CPU.Build.0 = Debug|x64
		{8AD9831F-99FA-4C5B-AC19-CCCAD7301325}.Debug|x64.ActiveCfg = Debug|x64
		{8AD9831F-99FA-4C5B-AC19-CCCAD7301325}.Debug|x64.Build.0 = Debug|x64
		{8AD9831F-99FA-4C5B-AC19-CCCAD7301325}.Debug|x86.ActiveCfg = Debug|Win32
		{8AD9831F-99FA-4C5B-AC19-CCCAD7301325}.Debug|x86.Build.0 = Debug|Win32
		{8AD9831F-99FA-4C5B-AC19-CCCAD7301325}.Release|Any CPU.ActiveCfg = Release|x64
		{8AD9831F-99FA-4C5B-AC19-CCCAD7301325}.Release|Any CPU.Build.0 = Release|x64
		{8AD9831F-99FA-4C5B-AC19-CCCAD7301325}.Release|x64.ActiveCfg = Release|x64
		{8AD9831F-99FA-4C5B-AC19-CCCAD7301325}.Release|x64.Build.0 = Release|x64
		{8AD9831F-99FA-4C5B-AC19-CCCAD7301325}.Release|x86.ActiveCfg = Release|Win32
		{8AD9831F-99FA-4C5B-AC19-CCCAD7301325}.Release|x86.Build.0 = Release|Win32
	EndGlobalSection
	GlobalSection(SolutionProperties) = preSolution
		HideSolutionNode = FALSE
	EndGlobalSection
	GlobalSection(ExtensibilityGlobals) = postSolution
		SolutionGuid = {4AE342DC-646B-4F40-8EC2-803AE60F2EF4}
	EndGlobalSection
EndGlobal
